
Microsoft Visual Studio Solution File, Format Version 12.00
# Visual Studio Version 16
VisualStudioVersion = 16.0.28621.142
MinimumVisualStudioVersion = 10.0.40219.1
Project("{9A19103F-16F7-4668-BE54-9A1E7A4F7556}") = "Dependencies.Viewer.Wpf.App", "Dependencies.Viewer.Wpf.App\Dependencies.Viewer.Wpf.App.csproj", "{837063EC-524D-49D7-850C-87135525C559}"
	ProjectSection(ProjectDependencies) = postProject
		{710EF00E-9D7F-4FDC-9D6F-B24E4734B17F} = {710EF00E-9D7F-4FDC-9D6F-B24E4734B17F}
		{990AC7FB-5519-4683-AE70-1F046393DC75} = {990AC7FB-5519-4683-AE70-1F046393DC75}
	EndProjectSection
EndProject
Project("{9A19103F-16F7-4668-BE54-9A1E7A4F7556}") = "Dependencies.Viewer.Wpf.Controls", "Dependencies.Viewer.Wpf.Controls\Dependencies.Viewer.Wpf.Controls.csproj", "{D5C4298F-0392-470C-B676-D13BCED4B016}"
EndProject
Project("{9A19103F-16F7-4668-BE54-9A1E7A4F7556}") = "Dependencies.Analyser.Base", "..\external\Analyser\src\Dependencies.Analyser.Base\Dependencies.Analyser.Base.csproj", "{466466D9-9F72-45F5-9FAF-D039642DE571}"
EndProject
Project("{9A19103F-16F7-4668-BE54-9A1E7A4F7556}") = "Dependencies.Analyser.Mono", "..\external\Analyser\src\Dependencies.Analyser.Mono\Dependencies.Analyser.Mono.csproj", "{710EF00E-9D7F-4FDC-9D6F-B24E4734B17F}"
EndProject
Project("{9A19103F-16F7-4668-BE54-9A1E7A4F7556}") = "PeNet", "..\external\Analyser\external\PeNet\src\PeNet\PeNet.csproj", "{F306C626-2CF2-419C-9479-68FE317F62FF}"
EndProject
Project("{2150E333-8FDC-42A3-9474-1A3956D46DE8}") = "common", "common", "{6DEB34BC-271E-4C6F-834C-BD0B661F1C39}"
	ProjectSection(SolutionItems) = preProject
		Common\CommonAssemblyInfo.cs = Common\CommonAssemblyInfo.cs
	EndProjectSection
EndProject
Project("{9A19103F-16F7-4668-BE54-9A1E7A4F7556}") = "Dependencies.Analyser.Microsoft", "..\external\Analyser\src\Dependencies.Analyser.Microsoft\Dependencies.Analyser.Microsoft.csproj", "{FCC6493B-71EE-44CB-A64B-A23A7CD5184D}"
EndProject
Project("{8BC9CEB8-8B4A-11D0-8D11-00A0C91BC942}") = "Dependencies.ApiSetMap", "..\external\Analyser\src\Dependencies.ApiSetMap\Dependencies.ApiSetMap.vcxproj", "{E775563F-C3B2-47F0-B5A2-97F951D9B6F0}"
EndProject
Project("{8BC9CEB8-8B4A-11D0-8D11-00A0C91BC942}") = "Dependencies.ApiSetMap.Interop", "..\external\Analyser\src\Dependencies.ApiSetMap.Interop\Dependencies.ApiSetMap.Interop.vcxproj", "{CBF7143B-6F8B-4F4D-8900-5E8968CCE1D9}"
EndProject
Project("{9A19103F-16F7-4668-BE54-9A1E7A4F7556}") = "Dependencies.Analyser.Native", "..\external\Analyser\src\Dependencies.Analyser.Native\Dependencies.Analyser.Native.csproj", "{02EF658D-FCEC-4502-AFDE-AAE8A2E93752}"
EndProject
Project("{2150E333-8FDC-42A3-9474-1A3956D46DE8}") = "plugins", "plugins", "{03F2CE8E-365A-4C18-990F-4102CE63C95C}"
EndProject
Project("{2150E333-8FDC-42A3-9474-1A3956D46DE8}") = "Exchange", "Exchange", "{F9E47466-032E-40BB-A868-477F28D328E7}"
EndProject
Project("{2150E333-8FDC-42A3-9474-1A3956D46DE8}") = "Analyser", "Analyser", "{C42D3F8D-48CA-40D3-AB8B-8895F2B20A2C}"
EndProject
Project("{9A19103F-16F7-4668-BE54-9A1E7A4F7556}") = "Dependencies.Exchange.File", "..\plugins\Exchange\src\Dependencies.Exchange.File\Dependencies.Exchange.File.csproj", "{990AC7FB-5519-4683-AE70-1F046393DC75}"
EndProject
Project("{FAE04EC0-301F-11D3-BF4B-00C04F79EFBC}") = "Dependencies.Exchange.Base", "..\plugins\Exchange\src\Dependencies.Exchange.Base\Dependencies.Exchange.Base.csproj", "{FA18890A-4281-49C1-AB89-7EEFFB09982B}"
EndProject
Global
	GlobalSection(SolutionConfigurationPlatforms) = preSolution
		Debug|Any CPU = Debug|Any CPU
		Debug|x64 = Debug|x64
		Release|Any CPU = Release|Any CPU
		Release|x64 = Release|x64
	EndGlobalSection
	GlobalSection(ProjectConfigurationPlatforms) = postSolution
		{837063EC-524D-49D7-850C-87135525C559}.Debug|Any CPU.ActiveCfg = Debug|Any CPU
		{837063EC-524D-49D7-850C-87135525C559}.Debug|Any CPU.Build.0 = Debug|Any CPU
		{837063EC-524D-49D7-850C-87135525C559}.Debug|x64.ActiveCfg = Debug|Any CPU
		{837063EC-524D-49D7-850C-87135525C559}.Debug|x64.Build.0 = Debug|Any CPU
		{837063EC-524D-49D7-850C-87135525C559}.Release|Any CPU.ActiveCfg = Release|Any CPU
		{837063EC-524D-49D7-850C-87135525C559}.Release|Any CPU.Build.0 = Release|Any CPU
		{837063EC-524D-49D7-850C-87135525C559}.Release|x64.ActiveCfg = Release|Any CPU
		{837063EC-524D-49D7-850C-87135525C559}.Release|x64.Build.0 = Release|Any CPU
		{D5C4298F-0392-470C-B676-D13BCED4B016}.Debug|Any CPU.ActiveCfg = Debug|Any CPU
		{D5C4298F-0392-470C-B676-D13BCED4B016}.Debug|Any CPU.Build.0 = Debug|Any CPU
		{D5C4298F-0392-470C-B676-D13BCED4B016}.Debug|x64.ActiveCfg = Debug|Any CPU
		{D5C4298F-0392-470C-B676-D13BCED4B016}.Debug|x64.Build.0 = Debug|Any CPU
		{D5C4298F-0392-470C-B676-D13BCED4B016}.Release|Any CPU.ActiveCfg = Release|Any CPU
		{D5C4298F-0392-470C-B676-D13BCED4B016}.Release|Any CPU.Build.0 = Release|Any CPU
		{D5C4298F-0392-470C-B676-D13BCED4B016}.Release|x64.ActiveCfg = Release|Any CPU
		{D5C4298F-0392-470C-B676-D13BCED4B016}.Release|x64.Build.0 = Release|Any CPU
		{466466D9-9F72-45F5-9FAF-D039642DE571}.Debug|Any CPU.ActiveCfg = Debug|Any CPU
		{466466D9-9F72-45F5-9FAF-D039642DE571}.Debug|Any CPU.Build.0 = Debug|Any CPU
		{466466D9-9F72-45F5-9FAF-D039642DE571}.Debug|x64.ActiveCfg = Debug|Any CPU
		{466466D9-9F72-45F5-9FAF-D039642DE571}.Debug|x64.Build.0 = Debug|Any CPU
		{466466D9-9F72-45F5-9FAF-D039642DE571}.Release|Any CPU.ActiveCfg = Release|Any CPU
		{466466D9-9F72-45F5-9FAF-D039642DE571}.Release|Any CPU.Build.0 = Release|Any CPU
		{466466D9-9F72-45F5-9FAF-D039642DE571}.Release|x64.ActiveCfg = Release|Any CPU
		{466466D9-9F72-45F5-9FAF-D039642DE571}.Release|x64.Build.0 = Release|Any CPU
		{710EF00E-9D7F-4FDC-9D6F-B24E4734B17F}.Debug|Any CPU.ActiveCfg = Debug|Any CPU
		{710EF00E-9D7F-4FDC-9D6F-B24E4734B17F}.Debug|Any CPU.Build.0 = Debug|Any CPU
		{710EF00E-9D7F-4FDC-9D6F-B24E4734B17F}.Debug|x64.ActiveCfg = Debug|Any CPU
		{710EF00E-9D7F-4FDC-9D6F-B24E4734B17F}.Debug|x64.Build.0 = Debug|Any CPU
		{710EF00E-9D7F-4FDC-9D6F-B24E4734B17F}.Release|Any CPU.ActiveCfg = Release|Any CPU
		{710EF00E-9D7F-4FDC-9D6F-B24E4734B17F}.Release|Any CPU.Build.0 = Release|Any CPU
		{710EF00E-9D7F-4FDC-9D6F-B24E4734B17F}.Release|x64.ActiveCfg = Release|Any CPU
		{710EF00E-9D7F-4FDC-9D6F-B24E4734B17F}.Release|x64.Build.0 = Release|Any CPU
		{F306C626-2CF2-419C-9479-68FE317F62FF}.Debug|Any CPU.ActiveCfg = Debug|Any CPU
		{F306C626-2CF2-419C-9479-68FE317F62FF}.Debug|Any CPU.Build.0 = Debug|Any CPU
		{F306C626-2CF2-419C-9479-68FE317F62FF}.Debug|x64.ActiveCfg = Debug|Any CPU
		{F306C626-2CF2-419C-9479-68FE317F62FF}.Debug|x64.Build.0 = Debug|Any CPU
		{F306C626-2CF2-419C-9479-68FE317F62FF}.Release|Any CPU.ActiveCfg = Release|Any CPU
		{F306C626-2CF2-419C-9479-68FE317F62FF}.Release|Any CPU.Build.0 = Release|Any CPU
		{F306C626-2CF2-419C-9479-68FE317F62FF}.Release|x64.ActiveCfg = Release|Any CPU
		{F306C626-2CF2-419C-9479-68FE317F62FF}.Release|x64.Build.0 = Release|Any CPU
		{FCC6493B-71EE-44CB-A64B-A23A7CD5184D}.Debug|Any CPU.ActiveCfg = Debug|Any CPU
		{FCC6493B-71EE-44CB-A64B-A23A7CD5184D}.Debug|Any CPU.Build.0 = Debug|Any CPU
		{FCC6493B-71EE-44CB-A64B-A23A7CD5184D}.Debug|x64.ActiveCfg = Debug|Any CPU
		{FCC6493B-71EE-44CB-A64B-A23A7CD5184D}.Debug|x64.Build.0 = Debug|Any CPU
		{FCC6493B-71EE-44CB-A64B-A23A7CD5184D}.Release|Any CPU.ActiveCfg = Release|Any CPU
		{FCC6493B-71EE-44CB-A64B-A23A7CD5184D}.Release|Any CPU.Build.0 = Release|Any CPU
		{FCC6493B-71EE-44CB-A64B-A23A7CD5184D}.Release|x64.ActiveCfg = Release|Any CPU
		{FCC6493B-71EE-44CB-A64B-A23A7CD5184D}.Release|x64.Build.0 = Release|Any CPU
		{E775563F-C3B2-47F0-B5A2-97F951D9B6F0}.Debug|Any CPU.ActiveCfg = Debug|x64
		{E775563F-C3B2-47F0-B5A2-97F951D9B6F0}.Debug|Any CPU.Build.0 = Debug|x64
		{E775563F-C3B2-47F0-B5A2-97F951D9B6F0}.Debug|x64.ActiveCfg = Debug|x64
		{E775563F-C3B2-47F0-B5A2-97F951D9B6F0}.Debug|x64.Build.0 = Debug|x64
		{E775563F-C3B2-47F0-B5A2-97F951D9B6F0}.Release|Any CPU.ActiveCfg = Release|x64
		{E775563F-C3B2-47F0-B5A2-97F951D9B6F0}.Release|Any CPU.Build.0 = Release|x64
		{E775563F-C3B2-47F0-B5A2-97F951D9B6F0}.Release|x64.ActiveCfg = Release|x64
		{E775563F-C3B2-47F0-B5A2-97F951D9B6F0}.Release|x64.Build.0 = Release|x64
		{CBF7143B-6F8B-4F4D-8900-5E8968CCE1D9}.Debug|Any CPU.ActiveCfg = Debug|x64
		{CBF7143B-6F8B-4F4D-8900-5E8968CCE1D9}.Debug|Any CPU.Build.0 = Debug|x64
		{CBF7143B-6F8B-4F4D-8900-5E8968CCE1D9}.Debug|x64.ActiveCfg = Debug|x64
		{CBF7143B-6F8B-4F4D-8900-5E8968CCE1D9}.Debug|x64.Build.0 = Debug|x64
		{CBF7143B-6F8B-4F4D-8900-5E8968CCE1D9}.Release|Any CPU.ActiveCfg = Release|x64
		{CBF7143B-6F8B-4F4D-8900-5E8968CCE1D9}.Release|Any CPU.Build.0 = Release|x64
		{CBF7143B-6F8B-4F4D-8900-5E8968CCE1D9}.Release|x64.ActiveCfg = Release|x64
		{CBF7143B-6F8B-4F4D-8900-5E8968CCE1D9}.Release|x64.Build.0 = Release|x64
		{02EF658D-FCEC-4502-AFDE-AAE8A2E93752}.Debug|Any CPU.ActiveCfg = Debug|Any CPU
		{02EF658D-FCEC-4502-AFDE-AAE8A2E93752}.Debug|Any CPU.Build.0 = Debug|Any CPU
		{02EF658D-FCEC-4502-AFDE-AAE8A2E93752}.Debug|x64.ActiveCfg = Debug|Any CPU
		{02EF658D-FCEC-4502-AFDE-AAE8A2E93752}.Debug|x64.Build.0 = Debug|Any CPU
		{02EF658D-FCEC-4502-AFDE-AAE8A2E93752}.Release|Any CPU.ActiveCfg = Release|Any CPU
		{02EF658D-FCEC-4502-AFDE-AAE8A2E93752}.Release|Any CPU.Build.0 = Release|Any CPU
		{02EF658D-FCEC-4502-AFDE-AAE8A2E93752}.Release|x64.ActiveCfg = Release|Any CPU
		{02EF658D-FCEC-4502-AFDE-AAE8A2E93752}.Release|x64.Build.0 = Release|Any CPU
		{990AC7FB-5519-4683-AE70-1F046393DC75}.Debug|Any CPU.ActiveCfg = Debug|Any CPU
		{990AC7FB-5519-4683-AE70-1F046393DC75}.Debug|Any CPU.Build.0 = Debug|Any CPU
		{990AC7FB-5519-4683-AE70-1F046393DC75}.Debug|x64.ActiveCfg = Debug|Any CPU
		{990AC7FB-5519-4683-AE70-1F046393DC75}.Debug|x64.Build.0 = Debug|Any CPU
		{990AC7FB-5519-4683-AE70-1F046393DC75}.Release|Any CPU.ActiveCfg = Release|Any CPU
		{990AC7FB-5519-4683-AE70-1F046393DC75}.Release|Any CPU.Build.0 = Release|Any CPU
		{990AC7FB-5519-4683-AE70-1F046393DC75}.Release|x64.ActiveCfg = Release|Any CPU
		{990AC7FB-5519-4683-AE70-1F046393DC75}.Release|x64.Build.0 = Release|Any CPU
		{FA18890A-4281-49C1-AB89-7EEFFB09982B}.Debug|Any CPU.ActiveCfg = Debug|Any CPU
		{FA18890A-4281-49C1-AB89-7EEFFB09982B}.Debug|Any CPU.Build.0 = Debug|Any CPU
		{FA18890A-4281-49C1-AB89-7EEFFB09982B}.Debug|x64.ActiveCfg = Debug|Any CPU
		{FA18890A-4281-49C1-AB89-7EEFFB09982B}.Debug|x64.Build.0 = Debug|Any CPU
		{FA18890A-4281-49C1-AB89-7EEFFB09982B}.Release|Any CPU.ActiveCfg = Release|Any CPU
		{FA18890A-4281-49C1-AB89-7EEFFB09982B}.Release|Any CPU.Build.0 = Release|Any CPU
		{FA18890A-4281-49C1-AB89-7EEFFB09982B}.Release|x64.ActiveCfg = Release|Any CPU
		{FA18890A-4281-49C1-AB89-7EEFFB09982B}.Release|x64.Build.0 = Release|Any CPU
	EndGlobalSection
	GlobalSection(SolutionProperties) = preSolution
		HideSolutionNode = FALSE
	EndGlobalSection
	GlobalSection(NestedProjects) = preSolution
		{466466D9-9F72-45F5-9FAF-D039642DE571} = {C42D3F8D-48CA-40D3-AB8B-8895F2B20A2C}
		{710EF00E-9D7F-4FDC-9D6F-B24E4734B17F} = {C42D3F8D-48CA-40D3-AB8B-8895F2B20A2C}
		{F306C626-2CF2-419C-9479-68FE317F62FF} = {C42D3F8D-48CA-40D3-AB8B-8895F2B20A2C}
		{FCC6493B-71EE-44CB-A64B-A23A7CD5184D} = {C42D3F8D-48CA-40D3-AB8B-8895F2B20A2C}
		{E775563F-C3B2-47F0-B5A2-97F951D9B6F0} = {C42D3F8D-48CA-40D3-AB8B-8895F2B20A2C}
		{CBF7143B-6F8B-4F4D-8900-5E8968CCE1D9} = {C42D3F8D-48CA-40D3-AB8B-8895F2B20A2C}
		{02EF658D-FCEC-4502-AFDE-AAE8A2E93752} = {C42D3F8D-48CA-40D3-AB8B-8895F2B20A2C}
		{F9E47466-032E-40BB-A868-477F28D328E7} = {03F2CE8E-365A-4C18-990F-4102CE63C95C}
		{C42D3F8D-48CA-40D3-AB8B-8895F2B20A2C} = {03F2CE8E-365A-4C18-990F-4102CE63C95C}
		{990AC7FB-5519-4683-AE70-1F046393DC75} = {F9E47466-032E-40BB-A868-477F28D328E7}
		{FA18890A-4281-49C1-AB89-7EEFFB09982B} = {F9E47466-032E-40BB-A868-477F28D328E7}
	EndGlobalSection
	GlobalSection(ExtensibilityGlobals) = postSolution
		SolutionGuid = {13543742-1A12-4710-9FBB-200F987521FE}
	EndGlobalSection
EndGlobal
