
Microsoft Visual Studio Solution File, Format Version 12.00
# Visual Studio Version 16
VisualStudioVersion = 16.0.28621.142
MinimumVisualStudioVersion = 10.0.40219.1
Project("{9A19103F-16F7-4668-BE54-9A1E7A4F7556}") = "Dependencies.Viewer.Wpf.App", "Dependencies.Viewer.Wpf.App\Dependencies.Viewer.Wpf.App.csproj", "{837063EC-524D-49D7-850C-87135525C559}"
	ProjectSection(ProjectDependencies) = postProject
		{0BA7E59B-A5D9-49A1-A73E-82B009F40E09} = {0BA7E59B-A5D9-49A1-A73E-82B009F40E09}
		{9B04C6CF-DC51-4860-BEC8-8B45B55E1788} = {9B04C6CF-DC51-4860-BEC8-8B45B55E1788}
	EndProjectSection
EndProject
Project("{2150E333-8FDC-42A3-9474-1A3956D46DE8}") = "external", "external", "{02FDF81C-2206-4FEB-B51E-F70C810A065B}"
EndProject
Project("{9A19103F-16F7-4668-BE54-9A1E7A4F7556}") = "Dependencies.Viewer.Wpf.Controls", "Dependencies.Viewer.Wpf.Controls\Dependencies.Viewer.Wpf.Controls.csproj", "{D5C4298F-0392-470C-B676-D13BCED4B016}"
EndProject
Project("{9A19103F-16F7-4668-BE54-9A1E7A4F7556}") = "Dependencies.Analyser.Base", "..\external\Analyser\src\Dependencies.Analyser.Base\Dependencies.Analyser.Base.csproj", "{466466D9-9F72-45F5-9FAF-D039642DE571}"
EndProject
Project("{9A19103F-16F7-4668-BE54-9A1E7A4F7556}") = "Dependencies.Analyser.Mono", "..\external\Analyser\src\Dependencies.Analyser.Mono\Dependencies.Analyser.Mono.csproj", "{710EF00E-9D7F-4FDC-9D6F-B24E4734B17F}"
EndProject
Project("{9A19103F-16F7-4668-BE54-9A1E7A4F7556}") = "PeNet", "..\external\Analyser\external\PeNet\src\PeNet\PeNet.csproj", "{F306C626-2CF2-419C-9479-68FE317F62FF}"
EndProject
Project("{2150E333-8FDC-42A3-9474-1A3956D46DE8}") = "common", "common", "{6DEB34BC-271E-4C6F-834C-BD0B661F1C39}"
	ProjectSection(SolutionItems) = preProject
		Common\CommonAssemblyInfo.cs = Common\CommonAssemblyInfo.cs
	EndProjectSection
EndProject
Project("{FAE04EC0-301F-11D3-BF4B-00C04F79EFBC}") = "MonoBuilder", "PluginBuilders\MonoBuilder\MonoBuilder.csproj", "{0BA7E59B-A5D9-49A1-A73E-82B009F40E09}"
EndProject
Project("{2150E333-8FDC-42A3-9474-1A3956D46DE8}") = "PluginBuilder", "PluginBuilder", "{A4433E92-F144-44BE-BB8A-8DD8D23CDCAC}"
EndProject
Project("{9A19103F-16F7-4668-BE54-9A1E7A4F7556}") = "Dependencies.Analyser.Microsoft", "..\external\Analyser\src\Dependencies.Analyser.Microsoft\Dependencies.Analyser.Microsoft.csproj", "{FCC6493B-71EE-44CB-A64B-A23A7CD5184D}"
EndProject
Project("{FAE04EC0-301F-11D3-BF4B-00C04F79EFBC}") = "MicrosoftBuilder", "PluginBuilders\MicrosoftBuilder\MicrosoftBuilder.csproj", "{9B04C6CF-DC51-4860-BEC8-8B45B55E1788}"
EndProject
Project("{8BC9CEB8-8B4A-11D0-8D11-00A0C91BC942}") = "Dependencies.ApiSetMap", "..\external\Analyser\src\Dependencies.ApiSetMap\Dependencies.ApiSetMap.vcxproj", "{E775563F-C3B2-47F0-B5A2-97F951D9B6F0}"
EndProject
Project("{8BC9CEB8-8B4A-11D0-8D11-00A0C91BC942}") = "Dependencies.ApiSetMap.Interop", "..\external\Analyser\src\Dependencies.ApiSetMap.Interop\Dependencies.ApiSetMap.Interop.vcxproj", "{CBF7143B-6F8B-4F4D-8900-5E8968CCE1D9}"
EndProject
Project("{FAE04EC0-301F-11D3-BF4B-00C04F79EFBC}") = "Dependencies.Analyser.Native", "..\external\Analyser\src\Dependencies.Analyser.Native\Dependencies.Analyser.Native.csproj", "{02EF658D-FCEC-4502-AFDE-AAE8A2E93752}"
EndProject
Global
	GlobalSection(SolutionConfigurationPlatforms) = preSolution
		Debug|Any CPU = Debug|Any CPU
		Release|Any CPU = Release|Any CPU
	EndGlobalSection
	GlobalSection(ProjectConfigurationPlatforms) = postSolution
		{837063EC-524D-49D7-850C-87135525C559}.Debug|Any CPU.ActiveCfg = Debug|Any CPU
		{837063EC-524D-49D7-850C-87135525C559}.Debug|Any CPU.Build.0 = Debug|Any CPU
		{837063EC-524D-49D7-850C-87135525C559}.Release|Any CPU.ActiveCfg = Release|Any CPU
		{837063EC-524D-49D7-850C-87135525C559}.Release|Any CPU.Build.0 = Release|Any CPU
		{D5C4298F-0392-470C-B676-D13BCED4B016}.Debug|Any CPU.ActiveCfg = Debug|Any CPU
		{D5C4298F-0392-470C-B676-D13BCED4B016}.Debug|Any CPU.Build.0 = Debug|Any CPU
		{D5C4298F-0392-470C-B676-D13BCED4B016}.Release|Any CPU.ActiveCfg = Release|Any CPU
		{D5C4298F-0392-470C-B676-D13BCED4B016}.Release|Any CPU.Build.0 = Release|Any CPU
		{466466D9-9F72-45F5-9FAF-D039642DE571}.Debug|Any CPU.ActiveCfg = Debug|Any CPU
		{466466D9-9F72-45F5-9FAF-D039642DE571}.Debug|Any CPU.Build.0 = Debug|Any CPU
		{466466D9-9F72-45F5-9FAF-D039642DE571}.Release|Any CPU.ActiveCfg = Release|Any CPU
		{466466D9-9F72-45F5-9FAF-D039642DE571}.Release|Any CPU.Build.0 = Release|Any CPU
		{710EF00E-9D7F-4FDC-9D6F-B24E4734B17F}.Debug|Any CPU.ActiveCfg = Debug|Any CPU
		{710EF00E-9D7F-4FDC-9D6F-B24E4734B17F}.Debug|Any CPU.Build.0 = Debug|Any CPU
		{710EF00E-9D7F-4FDC-9D6F-B24E4734B17F}.Release|Any CPU.ActiveCfg = Release|Any CPU
		{710EF00E-9D7F-4FDC-9D6F-B24E4734B17F}.Release|Any CPU.Build.0 = Release|Any CPU
		{F306C626-2CF2-419C-9479-68FE317F62FF}.Debug|Any CPU.ActiveCfg = Debug|Any CPU
		{F306C626-2CF2-419C-9479-68FE317F62FF}.Debug|Any CPU.Build.0 = Debug|Any CPU
		{F306C626-2CF2-419C-9479-68FE317F62FF}.Release|Any CPU.ActiveCfg = Release|Any CPU
		{F306C626-2CF2-419C-9479-68FE317F62FF}.Release|Any CPU.Build.0 = Release|Any CPU
		{0BA7E59B-A5D9-49A1-A73E-82B009F40E09}.Debug|Any CPU.ActiveCfg = Debug|Any CPU
		{0BA7E59B-A5D9-49A1-A73E-82B009F40E09}.Debug|Any CPU.Build.0 = Debug|Any CPU
		{0BA7E59B-A5D9-49A1-A73E-82B009F40E09}.Release|Any CPU.ActiveCfg = Release|Any CPU
		{0BA7E59B-A5D9-49A1-A73E-82B009F40E09}.Release|Any CPU.Build.0 = Release|Any CPU
		{FCC6493B-71EE-44CB-A64B-A23A7CD5184D}.Debug|Any CPU.ActiveCfg = Debug|Any CPU
		{FCC6493B-71EE-44CB-A64B-A23A7CD5184D}.Debug|Any CPU.Build.0 = Debug|Any CPU
		{FCC6493B-71EE-44CB-A64B-A23A7CD5184D}.Release|Any CPU.ActiveCfg = Release|Any CPU
		{FCC6493B-71EE-44CB-A64B-A23A7CD5184D}.Release|Any CPU.Build.0 = Release|Any CPU
		{9B04C6CF-DC51-4860-BEC8-8B45B55E1788}.Debug|Any CPU.ActiveCfg = Debug|Any CPU
		{9B04C6CF-DC51-4860-BEC8-8B45B55E1788}.Debug|Any CPU.Build.0 = Debug|Any CPU
		{9B04C6CF-DC51-4860-BEC8-8B45B55E1788}.Release|Any CPU.ActiveCfg = Release|Any CPU
		{9B04C6CF-DC51-4860-BEC8-8B45B55E1788}.Release|Any CPU.Build.0 = Release|Any CPU
		{E775563F-C3B2-47F0-B5A2-97F951D9B6F0}.Debug|Any CPU.ActiveCfg = Debug|x64
		{E775563F-C3B2-47F0-B5A2-97F951D9B6F0}.Debug|Any CPU.Build.0 = Debug|x64
		{E775563F-C3B2-47F0-B5A2-97F951D9B6F0}.Release|Any CPU.ActiveCfg = Release|x64
		{E775563F-C3B2-47F0-B5A2-97F951D9B6F0}.Release|Any CPU.Build.0 = Release|x64
		{CBF7143B-6F8B-4F4D-8900-5E8968CCE1D9}.Debug|Any CPU.ActiveCfg = Debug|x64
		{CBF7143B-6F8B-4F4D-8900-5E8968CCE1D9}.Debug|Any CPU.Build.0 = Debug|x64
		{CBF7143B-6F8B-4F4D-8900-5E8968CCE1D9}.Release|Any CPU.ActiveCfg = Release|x64
		{CBF7143B-6F8B-4F4D-8900-5E8968CCE1D9}.Release|Any CPU.Build.0 = Release|x64
		{02EF658D-FCEC-4502-AFDE-AAE8A2E93752}.Debug|Any CPU.ActiveCfg = Debug|Any CPU
		{02EF658D-FCEC-4502-AFDE-AAE8A2E93752}.Debug|Any CPU.Build.0 = Debug|Any CPU
		{02EF658D-FCEC-4502-AFDE-AAE8A2E93752}.Release|Any CPU.ActiveCfg = Release|Any CPU
		{02EF658D-FCEC-4502-AFDE-AAE8A2E93752}.Release|Any CPU.Build.0 = Release|Any CPU
	EndGlobalSection
	GlobalSection(SolutionProperties) = preSolution
		HideSolutionNode = FALSE
	EndGlobalSection
	GlobalSection(NestedProjects) = preSolution
		{466466D9-9F72-45F5-9FAF-D039642DE571} = {02FDF81C-2206-4FEB-B51E-F70C810A065B}
		{710EF00E-9D7F-4FDC-9D6F-B24E4734B17F} = {02FDF81C-2206-4FEB-B51E-F70C810A065B}
		{F306C626-2CF2-419C-9479-68FE317F62FF} = {02FDF81C-2206-4FEB-B51E-F70C810A065B}
		{0BA7E59B-A5D9-49A1-A73E-82B009F40E09} = {A4433E92-F144-44BE-BB8A-8DD8D23CDCAC}
		{FCC6493B-71EE-44CB-A64B-A23A7CD5184D} = {02FDF81C-2206-4FEB-B51E-F70C810A065B}
		{9B04C6CF-DC51-4860-BEC8-8B45B55E1788} = {A4433E92-F144-44BE-BB8A-8DD8D23CDCAC}
		{E775563F-C3B2-47F0-B5A2-97F951D9B6F0} = {02FDF81C-2206-4FEB-B51E-F70C810A065B}
		{CBF7143B-6F8B-4F4D-8900-5E8968CCE1D9} = {02FDF81C-2206-4FEB-B51E-F70C810A065B}
		{02EF658D-FCEC-4502-AFDE-AAE8A2E93752} = {02FDF81C-2206-4FEB-B51E-F70C810A065B}
	EndGlobalSection
	GlobalSection(ExtensibilityGlobals) = postSolution
		SolutionGuid = {13543742-1A12-4710-9FBB-200F987521FE}
	EndGlobalSection
EndGlobal
